
Microsoft Visual Studio Solution File, Format Version 12.00
# Visual Studio Version 16
VisualStudioVersion = 16.0.29123.88
MinimumVisualStudioVersion = 10.0.40219.1
Project("{2150E333-8FDC-42A3-9474-1A3956D46DE8}") = "src", "src", "{E61B88B0-7117-4C57-B7C5-CE76B7469247}"
EndProject
Project("{2150E333-8FDC-42A3-9474-1A3956D46DE8}") = "tests", "tests", "{C358D411-93AE-491F-BCEF-44E657A919D3}"
EndProject
Project("{2150E333-8FDC-42A3-9474-1A3956D46DE8}") = "build", "build", "{E98E9D75-D50F-4870-B5BF-DE782D4523AA}"
EndProject
Project("{9A19103F-16F7-4668-BE54-9A1E7A4F7556}") = "ThermoTracker.Entities", "src\ThermoTracker.Entities\ThermoTracker.Entities.csproj", "{AF1BD17D-6CA5-4275-BFBA-5022532998A7}"
EndProject
Project("{9A19103F-16F7-4668-BE54-9A1E7A4F7556}") = "ThermoTracker.Station", "src\ThermoTracker.Station\ThermoTracker.Station.csproj", "{3F0AB58F-F40D-4379-A076-6C12FF13DE3B}"
EndProject
Project("{FAE04EC0-301F-11D3-BF4B-00C04F79EFBC}") = "ThermoTracker.Service", "src\ThermoTracker.Service\ThermoTracker.Service.csproj", "{A4F19283-FBFA-4CC8-9CC8-56A1CCEDC358}"
EndProject
Global
	GlobalSection(SolutionConfigurationPlatforms) = preSolution
		Debug|Any CPU = Debug|Any CPU
		Release|Any CPU = Release|Any CPU
	EndGlobalSection
	GlobalSection(ProjectConfigurationPlatforms) = postSolution
		{AF1BD17D-6CA5-4275-BFBA-5022532998A7}.Debug|Any CPU.ActiveCfg = Debug|Any CPU
		{AF1BD17D-6CA5-4275-BFBA-5022532998A7}.Debug|Any CPU.Build.0 = Debug|Any CPU
		{AF1BD17D-6CA5-4275-BFBA-5022532998A7}.Release|Any CPU.ActiveCfg = Release|Any CPU
		{AF1BD17D-6CA5-4275-BFBA-5022532998A7}.Release|Any CPU.Build.0 = Release|Any CPU
		{3F0AB58F-F40D-4379-A076-6C12FF13DE3B}.Debug|Any CPU.ActiveCfg = Debug|Any CPU
		{3F0AB58F-F40D-4379-A076-6C12FF13DE3B}.Debug|Any CPU.Build.0 = Debug|Any CPU
		{3F0AB58F-F40D-4379-A076-6C12FF13DE3B}.Release|Any CPU.ActiveCfg = Release|Any CPU
		{3F0AB58F-F40D-4379-A076-6C12FF13DE3B}.Release|Any CPU.Build.0 = Release|Any CPU
		{A4F19283-FBFA-4CC8-9CC8-56A1CCEDC358}.Debug|Any CPU.ActiveCfg = Debug|Any CPU
		{A4F19283-FBFA-4CC8-9CC8-56A1CCEDC358}.Debug|Any CPU.Build.0 = Debug|Any CPU
		{A4F19283-FBFA-4CC8-9CC8-56A1CCEDC358}.Release|Any CPU.ActiveCfg = Release|Any CPU
		{A4F19283-FBFA-4CC8-9CC8-56A1CCEDC358}.Release|Any CPU.Build.0 = Release|Any CPU
	EndGlobalSection
	GlobalSection(SolutionProperties) = preSolution
		HideSolutionNode = FALSE
	EndGlobalSection
	GlobalSection(NestedProjects) = preSolution
		{AF1BD17D-6CA5-4275-BFBA-5022532998A7} = {E61B88B0-7117-4C57-B7C5-CE76B7469247}
		{3F0AB58F-F40D-4379-A076-6C12FF13DE3B} = {E61B88B0-7117-4C57-B7C5-CE76B7469247}
		{A4F19283-FBFA-4CC8-9CC8-56A1CCEDC358} = {E61B88B0-7117-4C57-B7C5-CE76B7469247}
	EndGlobalSection
	GlobalSection(ExtensibilityGlobals) = postSolution
		SolutionGuid = {39330090-6D91-4E27-8F66-D1ED2FEDC8E1}
	EndGlobalSection
EndGlobal
